
Microsoft Visual Studio Solution File, Format Version 12.00
# Visual Studio Version 17
VisualStudioVersion = 17.11.35312.102
MinimumVisualStudioVersion = 10.0.40219.1
Project("{FAE04EC0-301F-11D3-BF4B-00C04F79EFBC}") = "CrazyMusicians", "CrazyMusicians\CrazyMusicians.csproj", "{B4E9F0B1-F9BC-4F58-94B7-EEFCF22B40F9}"
EndProject
Global
	GlobalSection(SolutionConfigurationPlatforms) = preSolution
		Debug|Any CPU = Debug|Any CPU
		Release|Any CPU = Release|Any CPU
	EndGlobalSection
	GlobalSection(ProjectConfigurationPlatforms) = postSolution
		{B4E9F0B1-F9BC-4F58-94B7-EEFCF22B40F9}.Debug|Any CPU.ActiveCfg = Debug|Any CPU
		{B4E9F0B1-F9BC-4F58-94B7-EEFCF22B40F9}.Debug|Any CPU.Build.0 = Debug|Any CPU
		{B4E9F0B1-F9BC-4F58-94B7-EEFCF22B40F9}.Release|Any CPU.ActiveCfg = Release|Any CPU
		{B4E9F0B1-F9BC-4F58-94B7-EEFCF22B40F9}.Release|Any CPU.Build.0 = Release|Any CPU
	EndGlobalSection
	GlobalSection(SolutionProperties) = preSolution
		HideSolutionNode = FALSE
	EndGlobalSection
	GlobalSection(ExtensibilityGlobals) = postSolution
		SolutionGuid = {0879CEF1-77CD-470B-8A61-C2AEBCB30A9C}
	EndGlobalSection
EndGlobal
